
Microsoft Visual Studio Solution File, Format Version 12.00
# Visual Studio Version 16
VisualStudioVersion = 16.0.30621.155
MinimumVisualStudioVersion = 10.0.40219.1
Project("{FAE04EC0-301F-11D3-BF4B-00C04F79EFBC}") = "CleanApp.Api", "CleanApp.Api\CleanApp.Api.csproj", "{5B4B8AC1-CFA5-4C7E-B7A5-703DAF55FDE6}"
EndProject
Project("{FAE04EC0-301F-11D3-BF4B-00C04F79EFBC}") = "CleanApp.Core", "CleanApp.Core\CleanApp.Core.csproj", "{B081E90E-84A7-4CE3-9B94-869F711E435F}"
EndProject
Project("{FAE04EC0-301F-11D3-BF4B-00C04F79EFBC}") = "CleanApp.Infrastructure", "CleanApp.Infrastructure\CleanApp.Infrastructure.csproj", "{0387DD1F-CCEF-4E53-B784-734B9944A2C9}"
EndProject
Project("{2150E333-8FDC-42A3-9474-1A3956D46DE8}") = "Tests", "Tests", "{CD76FC49-FA8D-4DCC-A812-2C3CECA0E0E9}"
EndProject
Project("{FAE04EC0-301F-11D3-BF4B-00C04F79EFBC}") = "CleanApp.UnitTests", "CleanApp.UnitTests\CleanApp.UnitTests.csproj", "{4B06031F-72D7-4208-95EB-DBA0EAE25419}"
EndProject
Project("{FAE04EC0-301F-11D3-BF4B-00C04F79EFBC}") = "CleanApp.IntegrationTests", "CleanApp.IntegrationTests\CleanApp.IntegrationTests.csproj", "{37D7CD9A-658D-4B42-A6C8-B1291D3E9F3F}"
EndProject
Global
	GlobalSection(SolutionConfigurationPlatforms) = preSolution
		Debug|Any CPU = Debug|Any CPU
		Release|Any CPU = Release|Any CPU
	EndGlobalSection
	GlobalSection(ProjectConfigurationPlatforms) = postSolution
		{5B4B8AC1-CFA5-4C7E-B7A5-703DAF55FDE6}.Debug|Any CPU.ActiveCfg = Debug|Any CPU
		{5B4B8AC1-CFA5-4C7E-B7A5-703DAF55FDE6}.Debug|Any CPU.Build.0 = Debug|Any CPU
		{5B4B8AC1-CFA5-4C7E-B7A5-703DAF55FDE6}.Release|Any CPU.ActiveCfg = Release|Any CPU
		{5B4B8AC1-CFA5-4C7E-B7A5-703DAF55FDE6}.Release|Any CPU.Build.0 = Release|Any CPU
		{B081E90E-84A7-4CE3-9B94-869F711E435F}.Debug|Any CPU.ActiveCfg = Debug|Any CPU
		{B081E90E-84A7-4CE3-9B94-869F711E435F}.Debug|Any CPU.Build.0 = Debug|Any CPU
		{B081E90E-84A7-4CE3-9B94-869F711E435F}.Release|Any CPU.ActiveCfg = Release|Any CPU
		{B081E90E-84A7-4CE3-9B94-869F711E435F}.Release|Any CPU.Build.0 = Release|Any CPU
		{0387DD1F-CCEF-4E53-B784-734B9944A2C9}.Debug|Any CPU.ActiveCfg = Debug|Any CPU
		{0387DD1F-CCEF-4E53-B784-734B9944A2C9}.Debug|Any CPU.Build.0 = Debug|Any CPU
		{0387DD1F-CCEF-4E53-B784-734B9944A2C9}.Release|Any CPU.ActiveCfg = Release|Any CPU
		{0387DD1F-CCEF-4E53-B784-734B9944A2C9}.Release|Any CPU.Build.0 = Release|Any CPU
		{4B06031F-72D7-4208-95EB-DBA0EAE25419}.Debug|Any CPU.ActiveCfg = Debug|Any CPU
		{4B06031F-72D7-4208-95EB-DBA0EAE25419}.Debug|Any CPU.Build.0 = Debug|Any CPU
		{4B06031F-72D7-4208-95EB-DBA0EAE25419}.Release|Any CPU.ActiveCfg = Release|Any CPU
		{4B06031F-72D7-4208-95EB-DBA0EAE25419}.Release|Any CPU.Build.0 = Release|Any CPU
		{37D7CD9A-658D-4B42-A6C8-B1291D3E9F3F}.Debug|Any CPU.ActiveCfg = Debug|Any CPU
		{37D7CD9A-658D-4B42-A6C8-B1291D3E9F3F}.Debug|Any CPU.Build.0 = Debug|Any CPU
		{37D7CD9A-658D-4B42-A6C8-B1291D3E9F3F}.Release|Any CPU.ActiveCfg = Release|Any CPU
		{37D7CD9A-658D-4B42-A6C8-B1291D3E9F3F}.Release|Any CPU.Build.0 = Release|Any CPU
	EndGlobalSection
	GlobalSection(SolutionProperties) = preSolution
		HideSolutionNode = FALSE
	EndGlobalSection
	GlobalSection(NestedProjects) = preSolution
		{4B06031F-72D7-4208-95EB-DBA0EAE25419} = {CD76FC49-FA8D-4DCC-A812-2C3CECA0E0E9}
		{37D7CD9A-658D-4B42-A6C8-B1291D3E9F3F} = {CD76FC49-FA8D-4DCC-A812-2C3CECA0E0E9}
	EndGlobalSection
	GlobalSection(ExtensibilityGlobals) = postSolution
		SolutionGuid = {0FF3EBF3-8905-4AA8-BBFC-4E0E56D32642}
	EndGlobalSection
EndGlobal
